github.com/tencentcloud/tencentcloud-sdk-go/tencentcloud/common v1.0.1061 h1:cnJGlsLwxlB/S1JS/InIQG6MqfP+POAXGu0to7rVILw=
github.com/tencentcloud/tencentcloud-sdk-go/tencentcloud/common v1.0.1061/go.mod h1:r5r4xbfxSaeR04b166HGsBa/R4U3SueirEUpXGuw+Q0=
github.com/tencentcloud/tencentcloud-sdk-go/tencentcloud/ssl v1.0.1061 h1:bLrj6C85UIg8k3N+HF0rLhIqEc6xsUBVDFlCWt0oXWo=
github.com/tencentcloud/tencentcloud-sdk-go/tencentcloud/ssl v1.0.1061/go.mod h1:+vVCnl7qAzmStZlnMhSrRgBp4CcKaMZ5LR7GstodGoM=
gopkg.in/check.v1 v0.0.0-20161208181325-20d25e280405 h1:yhCVgyC4o1eVCa2tZl7eS0r+SDo693bJlVdllGtEeKM=
gopkg.in/check.v1 v0.0.0-20161208181325-20d25e280405/go.mod h1:Co6ibVJAznAaIkqp8huTwlJQCZ016jof/cbN4VW5Yz0=
gopkg.in/yaml.v2 v2.4.0 h1:D8xgwECY7CYvx+Y2n4sBz93Jn9JRvxdiyyo8CTfuKaY=
gopkg.in/yaml.v2 v2.4.0/go.mod h1:RDklbk79AGWmwhnvt/jBztapEOGDOx6ZbXqjP6csGnQ=
